
Microsoft Visual Studio Solution File, Format Version 12.00
# Visual Studio Version 17
VisualStudioVersion = 17.3.32825.248
MinimumVisualStudioVersion = 10.0.40219.1
Project("{9A19103F-16F7-4668-BE54-9A1E7A4F7556}") = "FeedbackService", "FeedbackService\FeedbackService.csproj", "{4417D166-6548-4E9B-983F-30D206BAAB54}"
EndProject
Project("{9A19103F-16F7-4668-BE54-9A1E7A4F7556}") = "UserService", "UserService\UserService.csproj", "{16EF7519-CA9B-4488-B91D-6D122600DA3D}"
EndProject
Project("{FAE04EC0-301F-11D3-BF4B-00C04F79EFBC}") = "Common", "Common\Common.csproj", "{A9982769-A943-4DC1-B736-307A20F58094}"
EndProject
Global
	GlobalSection(SolutionConfigurationPlatforms) = preSolution
		Debug|Any CPU = Debug|Any CPU
		Release|Any CPU = Release|Any CPU
	EndGlobalSection
	GlobalSection(ProjectConfigurationPlatforms) = postSolution
		{4417D166-6548-4E9B-983F-30D206BAAB54}.Debug|Any CPU.ActiveCfg = Debug|Any CPU
		{4417D166-6548-4E9B-983F-30D206BAAB54}.Debug|Any CPU.Build.0 = Debug|Any CPU
		{4417D166-6548-4E9B-983F-30D206BAAB54}.Release|Any CPU.ActiveCfg = Release|Any CPU
		{4417D166-6548-4E9B-983F-30D206BAAB54}.Release|Any CPU.Build.0 = Release|Any CPU
		{16EF7519-CA9B-4488-B91D-6D122600DA3D}.Debug|Any CPU.ActiveCfg = Debug|Any CPU
		{16EF7519-CA9B-4488-B91D-6D122600DA3D}.Debug|Any CPU.Build.0 = Debug|Any CPU
		{16EF7519-CA9B-4488-B91D-6D122600DA3D}.Release|Any CPU.ActiveCfg = Release|Any CPU
		{16EF7519-CA9B-4488-B91D-6D122600DA3D}.Release|Any CPU.Build.0 = Release|Any CPU
		{A9982769-A943-4DC1-B736-307A20F58094}.Debug|Any CPU.ActiveCfg = Debug|Any CPU
		{A9982769-A943-4DC1-B736-307A20F58094}.Debug|Any CPU.Build.0 = Debug|Any CPU
		{A9982769-A943-4DC1-B736-307A20F58094}.Release|Any CPU.ActiveCfg = Release|Any CPU
		{A9982769-A943-4DC1-B736-307A20F58094}.Release|Any CPU.Build.0 = Release|Any CPU
	EndGlobalSection
	GlobalSection(SolutionProperties) = preSolution
		HideSolutionNode = FALSE
	EndGlobalSection
	GlobalSection(ExtensibilityGlobals) = postSolution
		SolutionGuid = {F322395C-3D4B-4FB4-A3CA-B726C6874F85}
	EndGlobalSection
EndGlobal
